// !$*UTF8*$!
{
	archiveVersion = 1;
	classes = {
	};
	objectVersion = 77;
	objects = {

/* Begin PBXBuildFile section */
		20ABA1231769159459240B34 /* ShypQuickLiveActivity.appex in Embed App Extensions */ = {isa = PBXBuildFile; fileRef = 24BEC5E4973974A29FB54FAD /* ShypQuickLiveActivity.appex */; settings = {ATTRIBUTES = (RemoveHeadersOnCopy, ); }; };
		4EB7915EA17619DDD9D9CF40 /* Foundation.framework in Frameworks */ = {isa = PBXBuildFile; fileRef = 296150AB0C4BF2C7ADEE5814 /* Foundation.framework */; };
		9ECC24D2C657626E2E9F7AB1 /* ShypQuickLiveActivityWidget.swift in Sources */ = {isa = PBXBuildFile; fileRef = B8E8989E21F87DBF2B8198EF /* ShypQuickLiveActivityWidget.swift */; };
		AAAA000000000000000000A3 /* Supabase in Frameworks */ = {isa = PBXBuildFile; productRef = AAAA000000000000000000A2 /* Supabase */; };
		ABE36AE46DCACFC7B4847E1E /* ShypQuickLiveActivityBundle.swift in Sources */ = {isa = PBXBuildFile; fileRef = A10C8FBA5EADAD336C6E9754 /* ShypQuickLiveActivityBundle.swift */; };
/* End PBXBuildFile section */

/* Begin PBXContainerItemProxy section */
		A57C1DC3B1E6539B0B518B06 /* PBXContainerItemProxy */ = {
			isa = PBXContainerItemProxy;
			containerPortal = 163E46A02F8EBEE000040733 /* Project object */;
			proxyType = 1;
			remoteGlobalIDString = A3C28009DB9700EFFEA402CB;
			remoteInfo = ShypQuickLiveActivity;
		};
/* End PBXContainerItemProxy section */

/* Begin PBXCopyFilesBuildPhase section */
		EEB98739B81202EB9F0C0D43 /* Embed App Extensions */ = {
			isa = PBXCopyFilesBuildPhase;
			buildActionMask = 2147483647;
			dstPath = "";
			dstSubfolderSpec = 13;
			files = (
				20ABA1231769159459240B34 /* ShypQuickLiveActivity.appex in Embed App Extensions */,
			);
			name = "Embed App Extensions";
			runOnlyForDeploymentPostprocessing = 0;
		};
/* End PBXCopyFilesBuildPhase section */

/* Begin PBXFileReference section */
		163E46A82F8EBEE000040733 /* ShypQuick.app */ = {isa = PBXFileReference; explicitFileType = wrapper.application; includeInIndex = 0; path = ShypQuick.app; sourceTree = BUILT_PRODUCTS_DIR; };
		24BEC5E4973974A29FB54FAD /* ShypQuickLiveActivity.appex */ = {isa = PBXFileReference; explicitFileType = "wrapper.app-extension"; includeInIndex = 0; name = ShypQuickLiveActivity.appex; path = ShypQuickLiveActivity.appex; sourceTree = BUILT_PRODUCTS_DIR; };
		296150AB0C4BF2C7ADEE5814 /* Foundation.framework */ = {isa = PBXFileReference; lastKnownFileType = wrapper.framework; name = Foundation.framework; path = Platforms/iPhoneOS.platform/Developer/SDKs/iPhoneOS18.0.sdk/System/Library/Frameworks/Foundation.framework; sourceTree = DEVELOPER_DIR; };
		614F975CEF976BDBBCC22D60 /* Info.plist */ = {isa = PBXFileReference; includeInIndex = 1; lastKnownFileType = text.plist.xml; path = Info.plist; sourceTree = "<group>"; };
		A10C8FBA5EADAD336C6E9754 /* ShypQuickLiveActivityBundle.swift */ = {isa = PBXFileReference; includeInIndex = 1; lastKnownFileType = sourcecode.swift; path = ShypQuickLiveActivityBundle.swift; sourceTree = "<group>"; };
		B8E8989E21F87DBF2B8198EF /* ShypQuickLiveActivityWidget.swift */ = {isa = PBXFileReference; includeInIndex = 1; lastKnownFileType = sourcecode.swift; path = ShypQuickLiveActivityWidget.swift; sourceTree = "<group>"; };
/* End PBXFileReference section */

/* Begin PBXFileSystemSynchronizedRootGroup section */
		163E46AA2F8EBEE000040733 /* ShypQuick */ = {
			isa = PBXFileSystemSynchronizedRootGroup;
			exceptions = (
			);
			path = ShypQuick;
			sourceTree = "<group>";
		};
/* End PBXFileSystemSynchronizedRootGroup section */

/* Begin PBXFrameworksBuildPhase section */
		163E46A52F8EBEE000040733 /* Frameworks */ = {
			isa = PBXFrameworksBuildPhase;
			buildActionMask = 2147483647;
			files = (
				AAAA000000000000000000A3 /* Supabase in Frameworks */,
			);
			runOnlyForDeploymentPostprocessing = 0;
		};
		B1ED2130236B121A64276EDF /* Frameworks */ = {
			isa = PBXFrameworksBuildPhase;
			buildActionMask = 2147483647;
			files = (
				4EB7915EA17619DDD9D9CF40 /* Foundation.framework in Frameworks */,
			);
			runOnlyForDeploymentPostprocessing = 0;
		};
/* End PBXFrameworksBuildPhase section */

/* Begin PBXGroup section */
		145E3A25F98CB7D49119C1B4 /* ShypQuickLiveActivity */ = {
			isa = PBXGroup;
			children = (
				A10C8FBA5EADAD336C6E9754 /* ShypQuickLiveActivityBundle.swift */,
				B8E8989E21F87DBF2B8198EF /* ShypQuickLiveActivityWidget.swift */,
				614F975CEF976BDBBCC22D60 /* Info.plist */,
			);
			name = ShypQuickLiveActivity;
			path = ShypQuickLiveActivity;
			sourceTree = "<group>";
		};
		163E469F2F8EBEE000040733 = {
			isa = PBXGroup;
			children = (
				163E46AA2F8EBEE000040733 /* ShypQuick */,
				163E46A92F8EBEE000040733 /* Products */,
				5DE2A4AC5DF515818FF48AA0 /* Frameworks */,
				145E3A25F98CB7D49119C1B4 /* ShypQuickLiveActivity */,
			);
			sourceTree = "<group>";
		};
		163E46A92F8EBEE000040733 /* Products */ = {
			isa = PBXGroup;
			children = (
				163E46A82F8EBEE000040733 /* ShypQuick.app */,
				24BEC5E4973974A29FB54FAD /* ShypQuickLiveActivity.appex */,
			);
			name = Products;
			sourceTree = "<group>";
		};
		3127F715907247AD40543F10 /* iOS */ = {
			isa = PBXGroup;
			children = (
				296150AB0C4BF2C7ADEE5814 /* Foundation.framework */,
			);
			name = iOS;
			sourceTree = "<group>";
		};
		5DE2A4AC5DF515818FF48AA0 /* Frameworks */ = {
			isa = PBXGroup;
			children = (
				3127F715907247AD40543F10 /* iOS */,
			);
			name = Frameworks;
			sourceTree = "<group>";
		};
/* End PBXGroup section */

/* Begin PBXNativeTarget section */
		163E46A72F8EBEE000040733 /* ShypQuick */ = {
			isa = PBXNativeTarget;
			buildConfigurationList = 163E46B32F8EBEE100040733 /* Build configuration list for PBXNativeTarget "ShypQuick" */;
			buildPhases = (
				163E46A42F8EBEE000040733 /* Sources */,
				163E46A52F8EBEE000040733 /* Frameworks */,
				163E46A62F8EBEE000040733 /* Resources */,
				EEB98739B81202EB9F0C0D43 /* Embed App Extensions */,
			);
			buildRules = (
			);
			dependencies = (
				6CC20181319341A30CC39ACF /* PBXTargetDependency */,
			);
			fileSystemSynchronizedGroups = (
				163E46AA2F8EBEE000040733 /* ShypQuick */,
			);
			name = ShypQuick;
			packageProductDependencies = (
				AAAA000000000000000000A2 /* Supabase */,
			);
			productName = ShypQuick;
			productReference = 163E46A82F8EBEE000040733 /* ShypQuick.app */;
			productType = "com.apple.product-type.application";
		};
		A3C28009DB9700EFFEA402CB /* ShypQuickLiveActivity */ = {
			isa = PBXNativeTarget;
			buildConfigurationList = 69C5F4D4D0F62FCDD75C460F /* Build configuration list for PBXNativeTarget "ShypQuickLiveActivity" */;
			buildPhases = (
				BF2261460C464DD69F1581DA /* Sources */,
				B1ED2130236B121A64276EDF /* Frameworks */,
				C4EE174FF1417B3C0AE3D3E2 /* Resources */,
			);
			buildRules = (
			);
			dependencies = (
			);
			name = ShypQuickLiveActivity;
			productName = ShypQuickLiveActivity;
			productReference = 24BEC5E4973974A29FB54FAD /* ShypQuickLiveActivity.appex */;
			productType = "com.apple.product-type.app-extension";
		};
/* End PBXNativeTarget section */

/* Begin PBXProject section */
		163E46A02F8EBEE000040733 /* Project object */ = {
			isa = PBXProject;
			attributes = {
				BuildIndependentTargetsInParallel = 1;
				LastSwiftUpdateCheck = 2640;
				LastUpgradeCheck = 2640;
				TargetAttributes = {
					163E46A72F8EBEE000040733 = {
						CreatedOnToolsVersion = 26.4;
					};
				};
			};
			buildConfigurationList = 163E46A32F8EBEE000040733 /* Build configuration list for PBXProject "ShypQuick" */;
			developmentRegion = en;
			hasScannedForEncodings = 0;
			knownRegions = (
				en,
				Base,
			);
			mainGroup = 163E469F2F8EBEE000040733;
			minimizedProjectReferenceProxies = 1;
			packageReferences = (
				AAAA000000000000000000A1 /* XCRemoteSwiftPackageReference "supabase-swift" */,
			);
			preferredProjectObjectVersion = 77;
			productRefGroup = 163E46A92F8EBEE000040733 /* Products */;
			projectDirPath = "";
			projectRoot = "";
			targets = (
				163E46A72F8EBEE000040733 /* ShypQuick */,
				A3C28009DB9700EFFEA402CB /* ShypQuickLiveActivity */,
			);
		};
/* End PBXProject section */

/* Begin PBXResourcesBuildPhase section */
		163E46A62F8EBEE000040733 /* Resources */ = {
			isa = PBXResourcesBuildPhase;
			buildActionMask = 2147483647;
			files = (
			);
			runOnlyForDeploymentPostprocessing = 0;
		};
		C4EE174FF1417B3C0AE3D3E2 /* Resources */ = {
			isa = PBXResourcesBuildPhase;
			buildActionMask = 2147483647;
			files = (
			);
			runOnlyForDeploymentPostprocessing = 0;
		};
/* End PBXResourcesBuildPhase section */

/* Begin PBXSourcesBuildPhase section */
		163E46A42F8EBEE000040733 /* Sources */ = {
			isa = PBXSourcesBuildPhase;
			buildActionMask = 2147483647;
			files = (
			);
			runOnlyForDeploymentPostprocessing = 0;
		};
		BF2261460C464DD69F1581DA /* Sources */ = {
			isa = PBXSourcesBuildPhase;
			buildActionMask = 2147483647;
			files = (
				ABE36AE46DCACFC7B4847E1E /* ShypQuickLiveActivityBundle.swift in Sources */,
				9ECC24D2C657626E2E9F7AB1 /* ShypQuickLiveActivityWidget.swift in Sources */,
			);
			runOnlyForDeploymentPostprocessing = 0;
		};
/* End PBXSourcesBuildPhase section */

/* Begin PBXTargetDependency section */
		6CC20181319341A30CC39ACF /* PBXTargetDependency */ = {
			isa = PBXTargetDependency;
			name = ShypQuickLiveActivity;
			target = A3C28009DB9700EFFEA402CB /* ShypQuickLiveActivity */;
			targetProxy = A57C1DC3B1E6539B0B518B06 /* PBXContainerItemProxy */;
		};
/* End PBXTargetDependency section */

/* Begin XCBuildConfiguration section */
		163E46B12F8EBEE100040733 /* Debug */ = {
			isa = XCBuildConfiguration;
			buildSettings = {
				ALWAYS_SEARCH_USER_PATHS = NO;
				ASSETCATALOG_COMPILER_GENERATE_SWIFT_ASSET_SYMBOL_EXTENSIONS = YES;
				CLANG_ANALYZER_NONNULL = YES;
				CLANG_ANALYZER_NUMBER_OBJECT_CONVERSION = YES_AGGRESSIVE;
				CLANG_CXX_LANGUAGE_STANDARD = "gnu++20";
				CLANG_ENABLE_MODULES = YES;
				CLANG_ENABLE_OBJC_ARC = YES;
				CLANG_ENABLE_OBJC_WEAK = YES;
				CLANG_WARN_BLOCK_CAPTURE_AUTORELEASING = YES;
				CLANG_WARN_BOOL_CONVERSION = YES;
				CLANG_WARN_COMMA = YES;
				CLANG_WARN_CONSTANT_CONVERSION = YES;
				CLANG_WARN_DEPRECATED_OBJC_IMPLEMENTATIONS = YES;
				CLANG_WARN_DIRECT_OBJC_ISA_USAGE = YES_ERROR;
				CLANG_WARN_DOCUMENTATION_COMMENTS = YES;
				CLANG_WARN_EMPTY_BODY = YES;
				CLANG_WARN_ENUM_CONVERSION = YES;
				CLANG_WARN_INFINITE_RECURSION = YES;
				CLANG_WARN_INT_CONVERSION = YES;
				CLANG_WARN_NON_LITERAL_NULL_CONVERSION = YES;
				CLANG_WARN_OBJC_IMPLICIT_RETAIN_SELF = YES;
				CLANG_WARN_OBJC_LITERAL_CONVERSION = YES;
				CLANG_WARN_OBJC_ROOT_CLASS = YES_ERROR;
				CLANG_WARN_QUOTED_INCLUDE_IN_FRAMEWORK_HEADER = YES;
				CLANG_WARN_RANGE_LOOP_ANALYSIS = YES;
				CLANG_WARN_STRICT_PROTOTYPES = YES;
				CLANG_WARN_SUSPICIOUS_MOVE = YES;
				CLANG_WARN_UNGUARDED_AVAILABILITY = YES_AGGRESSIVE;
				CLANG_WARN_UNREACHABLE_CODE = YES;
				CLANG_WARN__DUPLICATE_METHOD_MATCH = YES;
				COPY_PHASE_STRIP = NO;
				DEBUG_INFORMATION_FORMAT = dwarf;
				DEVELOPMENT_TEAM = CG89RY4W6R;
				ENABLE_STRICT_OBJC_MSGSEND = YES;
				ENABLE_TESTABILITY = YES;
				ENABLE_USER_SCRIPT_SANDBOXING = YES;
				GCC_C_LANGUAGE_STANDARD = gnu17;
				GCC_DYNAMIC_NO_PIC = NO;
				GCC_NO_COMMON_BLOCKS = YES;
				GCC_OPTIMIZATION_LEVEL = 0;
				GCC_PREPROCESSOR_DEFINITIONS = (
					"DEBUG=1",
					"$(inherited)",
				);
				GCC_WARN_64_TO_32_BIT_CONVERSION = YES;
				GCC_WARN_ABOUT_RETURN_TYPE = YES_ERROR;
				GCC_WARN_UNDECLARED_SELECTOR = YES;
				GCC_WARN_UNINITIALIZED_AUTOS = YES_AGGRESSIVE;
				GCC_WARN_UNUSED_FUNCTION = YES;
				GCC_WARN_UNUSED_VARIABLE = YES;
				IPHONEOS_DEPLOYMENT_TARGET = 26.4;
				LOCALIZATION_PREFERS_STRING_CATALOGS = YES;
				MTL_ENABLE_DEBUG_INFO = INCLUDE_SOURCE;
				MTL_FAST_MATH = YES;
				ONLY_ACTIVE_ARCH = YES;
				SDKROOT = iphoneos;
				SWIFT_ACTIVE_COMPILATION_CONDITIONS = "DEBUG $(inherited)";
				SWIFT_OPTIMIZATION_LEVEL = "-Onone";
			};
			name = Debug;
		};
		163E46B22F8EBEE100040733 /* Release */ = {
			isa = XCBuildConfiguration;
			buildSettings = {
				ALWAYS_SEARCH_USER_PATHS = NO;
				ASSETCATALOG_COMPILER_GENERATE_SWIFT_ASSET_SYMBOL_EXTENSIONS = YES;
				CLANG_ANALYZER_NONNULL = YES;
				CLANG_ANALYZER_NUMBER_OBJECT_CONVERSION = YES_AGGRESSIVE;
				CLANG_CXX_LANGUAGE_STANDARD = "gnu++20";
				CLANG_ENABLE_MODULES = YES;
				CLANG_ENABLE_OBJC_ARC = YES;
				CLANG_ENABLE_OBJC_WEAK = YES;
				CLANG_WARN_BLOCK_CAPTURE_AUTORELEASING = YES;
				CLANG_WARN_BOOL_CONVERSION = YES;
				CLANG_WARN_COMMA = YES;
				CLANG_WARN_CONSTANT_CONVERSION = YES;
				CLANG_WARN_DEPRECATED_OBJC_IMPLEMENTATIONS = YES;
				CLANG_WARN_DIRECT_OBJC_ISA_USAGE = YES_ERROR;
				CLANG_WARN_DOCUMENTATION_COMMENTS = YES;
				CLANG_WARN_EMPTY_BODY = YES;
				CLANG_WARN_ENUM_CONVERSION = YES;
				CLANG_WARN_INFINITE_RECURSION = YES;
				CLANG_WARN_INT_CONVERSION = YES;
				CLANG_WARN_NON_LITERAL_NULL_CONVERSION = YES;
				CLANG_WARN_OBJC_IMPLICIT_RETAIN_SELF = YES;
				CLANG_WARN_OBJC_LITERAL_CONVERSION = YES;
				CLANG_WARN_OBJC_ROOT_CLASS = YES_ERROR;
				CLANG_WARN_QUOTED_INCLUDE_IN_FRAMEWORK_HEADER = YES;
				CLANG_WARN_RANGE_LOOP_ANALYSIS = YES;
				CLANG_WARN_STRICT_PROTOTYPES = YES;
				CLANG_WARN_SUSPICIOUS_MOVE = YES;
				CLANG_WARN_UNGUARDED_AVAILABILITY = YES_AGGRESSIVE;
				CLANG_WARN_UNREACHABLE_CODE = YES;
				CLANG_WARN__DUPLICATE_METHOD_MATCH = YES;
				COPY_PHASE_STRIP = NO;
				DEBUG_INFORMATION_FORMAT = "dwarf-with-dsym";
				DEVELOPMENT_TEAM = CG89RY4W6R;
				ENABLE_NS_ASSERTIONS = NO;
				ENABLE_STRICT_OBJC_MSGSEND = YES;
				ENABLE_USER_SCRIPT_SANDBOXING = YES;
				GCC_C_LANGUAGE_STANDARD = gnu17;
				GCC_NO_COMMON_BLOCKS = YES;
				GCC_WARN_64_TO_32_BIT_CONVERSION = YES;
				GCC_WARN_ABOUT_RETURN_TYPE = YES_ERROR;
				GCC_WARN_UNDECLARED_SELECTOR = YES;
				GCC_WARN_UNINITIALIZED_AUTOS = YES_AGGRESSIVE;
				GCC_WARN_UNUSED_FUNCTION = YES;
				GCC_WARN_UNUSED_VARIABLE = YES;
				IPHONEOS_DEPLOYMENT_TARGET = 26.4;
				LOCALIZATION_PREFERS_STRING_CATALOGS = YES;
				MTL_ENABLE_DEBUG_INFO = NO;
				MTL_FAST_MATH = YES;
				SDKROOT = iphoneos;
				SWIFT_COMPILATION_MODE = wholemodule;
				VALIDATE_PRODUCT = YES;
			};
			name = Release;
		};
		163E46B42F8EBEE100040733 /* Debug */ = {
			isa = XCBuildConfiguration;
			buildSettings = {
				ASSETCATALOG_COMPILER_APPICON_NAME = AppIcon;
				ASSETCATALOG_COMPILER_GLOBAL_ACCENT_COLOR_NAME = AccentColor;
				CODE_SIGN_ENTITLEMENTS = ShypQuick/ShypQuick.entitlements;
				CODE_SIGN_STYLE = Automatic;
				CURRENT_PROJECT_VERSION = 29;
				DEVELOPMENT_TEAM = CG89RY4W6R;
				ENABLE_PREVIEWS = YES;
				GENERATE_INFOPLIST_FILE = YES;
				INFOPLIST_KEY_NSCameraUsageDescription = "ShypQuick uses the camera so you can photograph items for your driver.";
				INFOPLIST_KEY_NSLocationWhenInUseUsageDescription = "ShypQuick uses your location to match you with nearby drivers and suggest pickup/dropoff addresses.";
				INFOPLIST_KEY_NSPhotoLibraryUsageDescription = "ShypQuick accesses your photos so you can attach an item picture to your delivery.";
				INFOPLIST_KEY_NSSupportsLiveActivities = YES;
				INFOPLIST_KEY_UIApplicationSceneManifest_Generation = YES;
				INFOPLIST_KEY_UIApplicationSupportsIndirectInputEvents = YES;
				INFOPLIST_KEY_UILaunchScreen_Generation = YES;
				INFOPLIST_KEY_UISupportedInterfaceOrientations_iPad = "UIInterfaceOrientationPortrait UIInterfaceOrientationPortraitUpsideDown UIInterfaceOrientationLandscapeLeft UIInterfaceOrientationLandscapeRight";
				INFOPLIST_KEY_UISupportedInterfaceOrientations_iPhone = "UIInterfaceOrientationPortrait UIInterfaceOrientationLandscapeLeft UIInterfaceOrientationLandscapeRight";
				LD_RUNPATH_SEARCH_PATHS = (
					"$(inherited)",
					"@executable_path/Frameworks",
				);
				MARKETING_VERSION = 2.1;
				PRODUCT_BUNDLE_IDENTIFIER = "com.Dev.Shyp-Quick";
				PRODUCT_NAME = "$(TARGET_NAME)";
				STRING_CATALOG_GENERATE_SYMBOLS = YES;
				SWIFT_APPROACHABLE_CONCURRENCY = YES;
				SWIFT_DEFAULT_ACTOR_ISOLATION = MainActor;
				SWIFT_EMIT_LOC_STRINGS = YES;
				SWIFT_UPCOMING_FEATURE_MEMBER_IMPORT_VISIBILITY = YES;
				SWIFT_VERSION = 5.0;
				TARGETED_DEVICE_FAMILY = "1,2";
			};
			name = Debug;
		};
		163E46B52F8EBEE100040733 /* Release */ = {
			isa = XCBuildConfiguration;
			buildSettings = {
				ASSETCATALOG_COMPILER_APPICON_NAME = AppIcon;
				ASSETCATALOG_COMPILER_GLOBAL_ACCENT_COLOR_NAME = AccentColor;
				CODE_SIGN_ENTITLEMENTS = ShypQuick/ShypQuick.entitlements;
				CODE_SIGN_STYLE = Automatic;
				CURRENT_PROJECT_VERSION = 29;
				DEVELOPMENT_TEAM = CG89RY4W6R;
				ENABLE_PREVIEWS = YES;
				GENERATE_INFOPLIST_FILE = YES;
				INFOPLIST_KEY_NSCameraUsageDescription = "ShypQuick uses the camera so you can photograph items for your driver.";
				INFOPLIST_KEY_NSLocationWhenInUseUsageDescription = "ShypQuick uses your location to match you with nearby drivers and suggest pickup/dropoff addresses.";
				INFOPLIST_KEY_NSPhotoLibraryUsageDescription = "ShypQuick accesses your photos so you can attach an item picture to your delivery.";
				INFOPLIST_KEY_NSSupportsLiveActivities = YES;
				INFOPLIST_KEY_UIApplicationSceneManifest_Generation = YES;
				INFOPLIST_KEY_UIApplicationSupportsIndirectInputEvents = YES;
				INFOPLIST_KEY_UILaunchScreen_Generation = YES;
				INFOPLIST_KEY_UISupportedInterfaceOrientations_iPad = "UIInterfaceOrientationPortrait UIInterfaceOrientationPortraitUpsideDown UIInterfaceOrientationLandscapeLeft UIInterfaceOrientationLandscapeRight";
				INFOPLIST_KEY_UISupportedInterfaceOrientations_iPhone = "UIInterfaceOrientationPortrait UIInterfaceOrientationLandscapeLeft UIInterfaceOrientationLandscapeRight";
				LD_RUNPATH_SEARCH_PATHS = (
					"$(inherited)",
					"@executable_path/Frameworks",
				);
				MARKETING_VERSION = 2.1;
				PRODUCT_BUNDLE_IDENTIFIER = "com.Dev.Shyp-Quick";
				PRODUCT_NAME = "$(TARGET_NAME)";
				STRING_CATALOG_GENERATE_SYMBOLS = YES;
				SWIFT_APPROACHABLE_CONCURRENCY = YES;
				SWIFT_DEFAULT_ACTOR_ISOLATION = MainActor;
				SWIFT_EMIT_LOC_STRINGS = YES;
				SWIFT_UPCOMING_FEATURE_MEMBER_IMPORT_VISIBILITY = YES;
				SWIFT_VERSION = 5.0;
				TARGETED_DEVICE_FAMILY = "1,2";
			};
			name = Release;
		};
		955501919AF81046728BDE17 /* Debug */ = {
			isa = XCBuildConfiguration;
			buildSettings = {
				CLANG_ENABLE_OBJC_WEAK = NO;
				CODE_SIGN_STYLE = Automatic;
				CURRENT_PROJECT_VERSION = 1;
				DEVELOPMENT_TEAM = CG89RY4W6R;
				GENERATE_INFOPLIST_FILE = YES;
				INFOPLIST_FILE = ShypQuickLiveActivity/Info.plist;
				INFOPLIST_KEY_CFBundleDisplayName = "ShypQuick Live";
				INFOPLIST_KEY_NSHumanReadableCopyright = "";
				IPHONEOS_DEPLOYMENT_TARGET = 16.2;
				LD_RUNPATH_SEARCH_PATHS = (
					"$(inherited)",
					"@executable_path/Frameworks",
					"@executable_path/../../Frameworks",
				);
				MARKETING_VERSION = 1.0;
				PRODUCT_BUNDLE_IDENTIFIER = "com.Dev.Shyp-Quick.ShypQuickLiveActivity";
				PRODUCT_NAME = ShypQuickLiveActivity;
				SDKROOT = iphoneos;
				SKIP_INSTALL = YES;
				SWIFT_APPROACHABLE_CONCURRENCY = YES;
				SWIFT_VERSION = 5.0;
				TARGETED_DEVICE_FAMILY = "1,2";
			};
			name = Debug;
		};
		F4E9914A0C2F9D5CC97326C4 /* Release */ = {
			isa = XCBuildConfiguration;
			buildSettings = {
				CLANG_ENABLE_OBJC_WEAK = NO;
				CODE_SIGN_STYLE = Automatic;
				CURRENT_PROJECT_VERSION = 1;
				DEVELOPMENT_TEAM = CG89RY4W6R;
				GENERATE_INFOPLIST_FILE = YES;
				INFOPLIST_FILE = ShypQuickLiveActivity/Info.plist;
				INFOPLIST_KEY_CFBundleDisplayName = "ShypQuick Live";
				INFOPLIST_KEY_NSHumanReadableCopyright = "";
				IPHONEOS_DEPLOYMENT_TARGET = 16.2;
				LD_RUNPATH_SEARCH_PATHS = (
					"$(inherited)",
					"@executable_path/Frameworks",
					"@executable_path/../../Frameworks",
				);
				MARKETING_VERSION = 1.0;
				PRODUCT_BUNDLE_IDENTIFIER = "com.Dev.Shyp-Quick.ShypQuickLiveActivity";
				PRODUCT_NAME = ShypQuickLiveActivity;
				SDKROOT = iphoneos;
				SKIP_INSTALL = YES;
				SWIFT_APPROACHABLE_CONCURRENCY = YES;
				SWIFT_VERSION = 5.0;
				TARGETED_DEVICE_FAMILY = "1,2";
				VALIDATE_PRODUCT = YES;
			};
			name = Release;
		};
/* End XCBuildConfiguration section */

/* Begin XCConfigurationList section */
		163E46A32F8EBEE000040733 /* Build configuration list for PBXProject "ShypQuick" */ = {
			isa = XCConfigurationList;
			buildConfigurations = (
				163E46B12F8EBEE100040733 /* Debug */,
				163E46B22F8EBEE100040733 /* Release */,
			);
			defaultConfigurationIsVisible = 0;
			defaultConfigurationName = Release;
		};
		163E46B32F8EBEE100040733 /* Build configuration list for PBXNativeTarget "ShypQuick" */ = {
			isa = XCConfigurationList;
			buildConfigurations = (
				163E46B42F8EBEE100040733 /* Debug */,
				163E46B52F8EBEE100040733 /* Release */,
			);
			defaultConfigurationIsVisible = 0;
			defaultConfigurationName = Release;
		};
		69C5F4D4D0F62FCDD75C460F /* Build configuration list for PBXNativeTarget "ShypQuickLiveActivity" */ = {
			isa = XCConfigurationList;
			buildConfigurations = (
				F4E9914A0C2F9D5CC97326C4 /* Release */,
				955501919AF81046728BDE17 /* Debug */,
			);
			defaultConfigurationIsVisible = 0;
			defaultConfigurationName = Release;
		};
/* End XCConfigurationList section */

/* Begin XCRemoteSwiftPackageReference section */
		AAAA000000000000000000A1 /* XCRemoteSwiftPackageReference "supabase-swift" */ = {
			isa = XCRemoteSwiftPackageReference;
			repositoryURL = "https://github.com/supabase/supabase-swift";
			requirement = {
				kind = upToNextMajorVersion;
				minimumVersion = 2.0.0;
			};
		};
/* End XCRemoteSwiftPackageReference section */

/* Begin XCSwiftPackageProductDependency section */
		AAAA000000000000000000A2 /* Supabase */ = {
			isa = XCSwiftPackageProductDependency;
			package = AAAA000000000000000000A1 /* XCRemoteSwiftPackageReference "supabase-swift" */;
			productName = Supabase;
		};
/* End XCSwiftPackageProductDependency section */
	};
	rootObject = 163E46A02F8EBEE000040733 /* Project object */;
}
